
Microsoft Visual Studio Solution File, Format Version 12.00
# Visual Studio 14
VisualStudioVersion = 14.0.24720.0
MinimumVisualStudioVersion = 10.0.40219.1
Project("{FAE04EC0-301F-11D3-BF4B-00C04F79EFBC}") = "2.1.Presentation", "2.1.Presentation\2.1.Presentation.csproj", "{488CFF1F-5ADA-4019-9C45-A1B0354CDC9C}"
EndProject
Project("{FAE04EC0-301F-11D3-BF4B-00C04F79EFBC}") = "0.1.Helper", "0.1.Helper\0.1.Helper.csproj", "{9067BE38-0DE3-4B3A-BCB1-F40E8A583D86}"
EndProject
Project("{FAE04EC0-301F-11D3-BF4B-00C04F79EFBC}") = "1.1.DataTransferObject", "1.1.DataTransferObject\1.1.DataTransferObject.csproj", "{96D6057B-3A14-4D40-8C04-01A56BD462BE}"
EndProject
Project("{FAE04EC0-301F-11D3-BF4B-00C04F79EFBC}") = "3.1.Business", "3.1.Business\3.1.Business.csproj", "{D55CC9C0-1CD1-4518-8B00-FA2C19656592}"
EndProject
Project("{FAE04EC0-301F-11D3-BF4B-00C04F79EFBC}") = "4.1.DataAccessRepository", "4.1.DataAccessRepository\4.1.DataAccessRepository.csproj", "{96B8B280-33DD-4F80-9E4E-90B754C0324D}"
EndProject
Project("{FAE04EC0-301F-11D3-BF4B-00C04F79EFBC}") = "5.1.DataAccess", "5.1.DataAccess\5.1.DataAccess.csproj", "{730BFD61-4826-4334-897D-6A26D9AB3D05}"
EndProject
Global
	GlobalSection(SolutionConfigurationPlatforms) = preSolution
		Debug|Any CPU = Debug|Any CPU
		Release|Any CPU = Release|Any CPU
	EndGlobalSection
	GlobalSection(ProjectConfigurationPlatforms) = postSolution
		{488CFF1F-5ADA-4019-9C45-A1B0354CDC9C}.Debug|Any CPU.ActiveCfg = Debug|Any CPU
		{488CFF1F-5ADA-4019-9C45-A1B0354CDC9C}.Debug|Any CPU.Build.0 = Debug|Any CPU
		{488CFF1F-5ADA-4019-9C45-A1B0354CDC9C}.Release|Any CPU.ActiveCfg = Release|Any CPU
		{488CFF1F-5ADA-4019-9C45-A1B0354CDC9C}.Release|Any CPU.Build.0 = Release|Any CPU
		{9067BE38-0DE3-4B3A-BCB1-F40E8A583D86}.Debug|Any CPU.ActiveCfg = Debug|Any CPU
		{9067BE38-0DE3-4B3A-BCB1-F40E8A583D86}.Debug|Any CPU.Build.0 = Debug|Any CPU
		{9067BE38-0DE3-4B3A-BCB1-F40E8A583D86}.Release|Any CPU.ActiveCfg = Release|Any CPU
		{9067BE38-0DE3-4B3A-BCB1-F40E8A583D86}.Release|Any CPU.Build.0 = Release|Any CPU
		{96D6057B-3A14-4D40-8C04-01A56BD462BE}.Debug|Any CPU.ActiveCfg = Debug|Any CPU
		{96D6057B-3A14-4D40-8C04-01A56BD462BE}.Debug|Any CPU.Build.0 = Debug|Any CPU
		{96D6057B-3A14-4D40-8C04-01A56BD462BE}.Release|Any CPU.ActiveCfg = Release|Any CPU
		{96D6057B-3A14-4D40-8C04-01A56BD462BE}.Release|Any CPU.Build.0 = Release|Any CPU
		{D55CC9C0-1CD1-4518-8B00-FA2C19656592}.Debug|Any CPU.ActiveCfg = Debug|Any CPU
		{D55CC9C0-1CD1-4518-8B00-FA2C19656592}.Debug|Any CPU.Build.0 = Debug|Any CPU
		{D55CC9C0-1CD1-4518-8B00-FA2C19656592}.Release|Any CPU.ActiveCfg = Release|Any CPU
		{D55CC9C0-1CD1-4518-8B00-FA2C19656592}.Release|Any CPU.Build.0 = Release|Any CPU
		{96B8B280-33DD-4F80-9E4E-90B754C0324D}.Debug|Any CPU.ActiveCfg = Debug|Any CPU
		{96B8B280-33DD-4F80-9E4E-90B754C0324D}.Debug|Any CPU.Build.0 = Debug|Any CPU
		{96B8B280-33DD-4F80-9E4E-90B754C0324D}.Release|Any CPU.ActiveCfg = Release|Any CPU
		{96B8B280-33DD-4F80-9E4E-90B754C0324D}.Release|Any CPU.Build.0 = Release|Any CPU
		{730BFD61-4826-4334-897D-6A26D9AB3D05}.Debug|Any CPU.ActiveCfg = Debug|Any CPU
		{730BFD61-4826-4334-897D-6A26D9AB3D05}.Debug|Any CPU.Build.0 = Debug|Any CPU
		{730BFD61-4826-4334-897D-6A26D9AB3D05}.Release|Any CPU.ActiveCfg = Release|Any CPU
		{730BFD61-4826-4334-897D-6A26D9AB3D05}.Release|Any CPU.Build.0 = Release|Any CPU
	EndGlobalSection
	GlobalSection(SolutionProperties) = preSolution
		HideSolutionNode = FALSE
	EndGlobalSection
EndGlobal
